{
  "version": 4,
  "terraform_version": "1.6.4",
  "serial": 119,
  "lineage": "64950d9a-3a23-fb07-c79b-904f7d3cec1a",
  "outputs": {},
  "resources": [
    {
      "mode": "data",
      "type": "azurerm_public_ip",
      "name": "AzureTerraformProjectPublicIP",
      "provider": "provider[\"registry.terraform.io/hashicorp/azurerm\"]",
      "instances": []
    },
    {
      "mode": "managed",
      "type": "azurerm_linux_virtual_machine",
      "name": "AzureTerraformProjectVirtualMachine",
      "provider": "provider[\"registry.terraform.io/hashicorp/azurerm\"]",
      "instances": [
        {
          "schema_version": 0,
          "attributes": {
            "additional_capabilities": [],
            "admin_password": null,
            "admin_ssh_key": [
              {
                "public_key": "ssh-rsa AAAAB3NzaC1yc2EAAAADAQABAAABgQDdlthA6nPQiIE0g6PaUIMfxqEY9wCR2s0mAKFypCpnzUV/fRrR937ZW/zEIFJkfyp6hPtlHc7UiIAJxDnyXW477GEF4MhxZsyED2qi5+l69fUEqp7SpV5VI3GtXXvImFlJ5VzWWJ/fhzb3Fb+zsW16TLcjq4lj/LUzZ9JbUI4g0jJbFtGU3XeX25iDMzTrbxfhHZbIT41eoHSRfDTr1gwi47b1cm0eixU66ZvIsUjUcxNXueavGLo3d5KizdzhiJ1t2Gn94wLnKCWKgCnpljJ1LU/UnpruRMMsnmkSF9CGVE1L3YtNe1JKeUcm5pAB1QcKIPyrzFkdh5rfqlprGDqkGKpcZsJGcG80JgXf3rzXoyBwltWWDA6X3PxYyWuWkeDh38qg7Bxi9cRv4Q3s7IFqM6qFMGwv0ATa7Twkb+wiQgznScwh4AXKfOpqmN/jvGYDyvC0cRNMACDLhvUZzZrqzGDdvVv3n4Poxy0+uu3IOwcID87NTF9gHhou0wPBh70= karna@LAPTOP-U96K5AUM\r\n",
                "username": "Karnajeet"
              }
            ],
            "admin_username": "Karnajeet",
            "allow_extension_operations": true,
            "availability_set_id": "",
            "boot_diagnostics": [],
            "bypass_platform_safety_checks_on_user_schedule_enabled": false,
            "capacity_reservation_group_id": "",
            "computer_name": "AzureTerraformProject-VirtualMachine",
            "custom_data": "IyEvYmluL2Jhc2gNCnN1ZG8gYXB0LWdldCB1cGRhdGUNCnN1ZG8gYXB0LWdldCBpbnN0YWxsIC15IGNhLWNlcnRpZmljYXRlcyBjdXJsIGdudXBnIGxzYi1yZWxlYXNlDQpzdWRvIG1rZGlyIC1wIC9ldGMvYXB0L2tleXJpbmdzDQpjdXJsIC1mc1NMIGh0dHBzOi8vZG93bmxvYWQuZG9ja2VyLmNvbS9saW51eC91YnVudHUvZ3BnIHwgc3VkbyBncGcgLS1kZWFybW9yIC1vIC9ldGMvYXB0L2tleXJpbmdzL2RvY2tlci5ncGcNCmVjaG8gImRlYiBbYXJjaD0kKGRwa2cgLS1wcmludC1hcmNoaXRlY3R1cmUpIHNpZ25lZC1ieT0vZXRjL2FwdC9rZXlyaW5ncy9kb2NrZXIuZ3BnXSBodHRwczovL2Rvd25sb2FkLmRvY2tlci5jb20vbGludXgvdWJ1bnR1ICQobHNiX3JlbGVhc2UgLWNzKSBzdGFibGUiIHwgc3VkbyB0ZWUgL2V0Yy9hcHQvc291cmNlcy5saXN0LmQvZG9ja2VyLmxpc3QgPiAvZGV2L251bGwNCnN1ZG8gYXB0LWdldCB1cGRhdGUNCnN1ZG8gYXB0LWdldCBpbnN0YWxsIC15IGRvY2tlci1jZSBkb2NrZXItY2UtY2xpIGNvbnRhaW5lcmQuaW8NCnN1ZG8gYXB0LWdldCBpbnN0YWxsIC15IGRvY2tlci1jb21wb3NlDQpzdWRvIHVzZXJtb2QgLWFHIGRvY2tlciAkKHdob2FtaSk=",
            "dedicated_host_group_id": "",
            "dedicated_host_id": "",
            "disable_password_authentication": true,
            "disk_controller_type": "",
            "edge_zone": "",
            "encryption_at_host_enabled": false,
            "eviction_policy": "",
            "extensions_time_budget": "PT1H30M",
            "gallery_application": [],
            "id": "/subscriptions/61bf68b5-d547-4ff7-b283-f953894e41f3/resourceGroups/AzureTerraformProject-ResourceGroup/providers/Microsoft.Compute/virtualMachines/AzureTerraformProject-VirtualMachine",
            "identity": [],
            "license_type": "",
            "location": "eastus",
            "max_bid_price": -1,
            "name": "AzureTerraformProject-VirtualMachine",
            "network_interface_ids": [
              "/subscriptions/61bf68b5-d547-4ff7-b283-f953894e41f3/resourceGroups/AzureTerraformProject-ResourceGroup/providers/Microsoft.Network/networkInterfaces/AzureTerraformProject-NetworkInterfaceCard"
            ],
            "os_disk": [
              {
                "caching": "ReadWrite",
                "diff_disk_settings": [],
                "disk_encryption_set_id": "",
                "disk_size_gb": 30,
                "name": "AzureTerraformProject-VirtualMachine_OsDisk_1_7e9fe1bbe1f5414bb4c212634661ab32",
                "secure_vm_disk_encryption_set_id": "",
                "security_encryption_type": "",
                "storage_account_type": "Standard_LRS",
                "write_accelerator_enabled": false
              }
            ],
            "os_image_notification": [],
            "patch_assessment_mode": "ImageDefault",
            "patch_mode": "ImageDefault",
            "plan": [],
            "platform_fault_domain": -1,
            "priority": "Regular",
            "private_ip_address": "10.1.0.4",
            "private_ip_addresses": [
              "10.1.0.4"
            ],
            "provision_vm_agent": true,
            "proximity_placement_group_id": "",
            "public_ip_address": "13.92.237.176",
            "public_ip_addresses": [
              "13.92.237.176"
            ],
            "reboot_setting": "",
            "resource_group_name": "AzureTerraformProject-ResourceGroup",
            "secret": [],
            "secure_boot_enabled": false,
            "size": "Standard_F2",
            "source_image_id": "",
            "source_image_reference": [
              {
                "offer": "0001-com-ubuntu-server-jammy",
                "publisher": "Canonical",
                "sku": "22_04-lts",
                "version": "latest"
              }
            ],
            "tags": {
              "environment": "Azure \u0026 Terraform"
            },
            "termination_notification": null,
            "timeouts": null,
            "user_data": "",
            "virtual_machine_id": "643e7768-77d7-4644-be01-0a72c91dcc1a",
            "virtual_machine_scale_set_id": "",
            "vm_agent_platform_updates_enabled": false,
            "vtpm_enabled": false,
            "zone": ""
          },
          "sensitive_attributes": [],
          "private": "eyJlMmJmYjczMC1lY2FhLTExZTYtOGY4OC0zNDM2M2JjN2M0YzAiOnsiY3JlYXRlIjoyNzAwMDAwMDAwMDAwLCJkZWxldGUiOjI3MDAwMDAwMDAwMDAsInJlYWQiOjMwMDAwMDAwMDAwMCwidXBkYXRlIjoyNzAwMDAwMDAwMDAwfX0=",
          "dependencies": [
            "azurerm_network_interface.AzureTerraformProjectNetworkInterfaceCard",
            "azurerm_public_ip.AzureTerraformProjectPubIP",
            "azurerm_resource_group.AzureTerraformProjectRG",
            "azurerm_subnet.AzureTerraformProjectSubnet",
            "azurerm_virtual_network.AzureTerraformProjectVNet"
          ]
        }
      ]
    },
    {
      "mode": "managed",
      "type": "azurerm_network_interface",
      "name": "AzureTerraformProjectNetworkInterfaceCard",
      "provider": "provider[\"registry.terraform.io/hashicorp/azurerm\"]",
      "instances": [
        {
          "schema_version": 0,
          "attributes": {
            "applied_dns_servers": [],
            "auxiliary_mode": "",
            "auxiliary_sku": "",
            "dns_servers": [],
            "edge_zone": "",
            "enable_accelerated_networking": false,
            "enable_ip_forwarding": false,
            "id": "/subscriptions/61bf68b5-d547-4ff7-b283-f953894e41f3/resourceGroups/AzureTerraformProject-ResourceGroup/providers/Microsoft.Network/networkInterfaces/AzureTerraformProject-NetworkInterfaceCard",
            "internal_dns_name_label": "",
            "internal_domain_name_suffix": "zndtz5t115wulmy3cowe300tdc.bx.internal.cloudapp.net",
            "ip_configuration": [
              {
                "gateway_load_balancer_frontend_ip_configuration_id": "",
                "name": "internal",
                "primary": true,
                "private_ip_address": "10.1.0.4",
                "private_ip_address_allocation": "Dynamic",
                "private_ip_address_version": "IPv4",
                "public_ip_address_id": "/subscriptions/61bf68b5-d547-4ff7-b283-f953894e41f3/resourceGroups/AzureTerraformProject-ResourceGroup/providers/Microsoft.Network/publicIPAddresses/AzureTerraformProject-PublicIP",
                "subnet_id": "/subscriptions/61bf68b5-d547-4ff7-b283-f953894e41f3/resourceGroups/AzureTerraformProject-ResourceGroup/providers/Microsoft.Network/virtualNetworks/AzureTerraformProject-VirtualNetwork/subnets/AzureTerraformProject-Subnet"
              }
            ],
            "location": "eastus",
            "mac_address": "",
            "name": "AzureTerraformProject-NetworkInterfaceCard",
            "private_ip_address": "10.1.0.4",
            "private_ip_addresses": [
              "10.1.0.4"
            ],
            "resource_group_name": "AzureTerraformProject-ResourceGroup",
            "tags": {
              "environment": "Azure \u0026 Terraform"
            },
            "timeouts": null,
            "virtual_machine_id": ""
          },
          "sensitive_attributes": [],
          "private": "eyJlMmJmYjczMC1lY2FhLTExZTYtOGY4OC0zNDM2M2JjN2M0YzAiOnsiY3JlYXRlIjoxODAwMDAwMDAwMDAwLCJkZWxldGUiOjE4MDAwMDAwMDAwMDAsInJlYWQiOjMwMDAwMDAwMDAwMCwidXBkYXRlIjoxODAwMDAwMDAwMDAwfX0=",
          "dependencies": [
            "azurerm_public_ip.AzureTerraformProjectPubIP",
            "azurerm_resource_group.AzureTerraformProjectRG",
            "azurerm_subnet.AzureTerraformProjectSubnet",
            "azurerm_virtual_network.AzureTerraformProjectVNet"
          ]
        }
      ]
    },
    {
      "mode": "managed",
      "type": "azurerm_network_security_group",
      "name": "AzureTerraformProjectSG",
      "provider": "provider[\"registry.terraform.io/hashicorp/azurerm\"]",
      "instances": [
        {
          "schema_version": 0,
          "attributes": {
            "id": "/subscriptions/61bf68b5-d547-4ff7-b283-f953894e41f3/resourceGroups/AzureTerraformProject-ResourceGroup/providers/Microsoft.Network/networkSecurityGroups/AzureTerraformProject-SecurityGroup",
            "location": "eastus",
            "name": "AzureTerraformProject-SecurityGroup",
            "resource_group_name": "AzureTerraformProject-ResourceGroup",
            "security_rule": [],
            "tags": {
              "environment": "Azure \u0026 Terraform"
            },
            "timeouts": null
          },
          "sensitive_attributes": [],
          "private": "eyJlMmJmYjczMC1lY2FhLTExZTYtOGY4OC0zNDM2M2JjN2M0YzAiOnsiY3JlYXRlIjoxODAwMDAwMDAwMDAwLCJkZWxldGUiOjE4MDAwMDAwMDAwMDAsInJlYWQiOjMwMDAwMDAwMDAwMCwidXBkYXRlIjoxODAwMDAwMDAwMDAwfX0=",
          "dependencies": [
            "azurerm_resource_group.AzureTerraformProjectRG"
          ]
        }
      ]
    },
    {
      "mode": "managed",
      "type": "azurerm_network_security_rule",
      "name": "AzureTerraformPorjectRule",
      "provider": "provider[\"registry.terraform.io/hashicorp/azurerm\"]",
      "instances": [
        {
          "schema_version": 0,
          "attributes": {
            "access": "Allow",
            "description": "",
            "destination_address_prefix": "*",
            "destination_address_prefixes": null,
            "destination_application_security_group_ids": null,
            "destination_port_range": "*",
            "destination_port_ranges": null,
            "direction": "Inbound",
            "id": "/subscriptions/61bf68b5-d547-4ff7-b283-f953894e41f3/resourceGroups/AzureTerraformProject-ResourceGroup/providers/Microsoft.Network/networkSecurityGroups/AzureTerraformProject-SecurityGroup/securityRules/AzureTerraformProject-SecurityRule",
            "name": "AzureTerraformProject-SecurityRule",
            "network_security_group_name": "AzureTerraformProject-SecurityGroup",
            "priority": 100,
            "protocol": "*",
            "resource_group_name": "AzureTerraformProject-ResourceGroup",
            "source_address_prefix": "99.224.57.131/32",
            "source_address_prefixes": null,
            "source_application_security_group_ids": null,
            "source_port_range": "*",
            "source_port_ranges": null,
            "timeouts": null
          },
          "sensitive_attributes": [],
          "private": "eyJlMmJmYjczMC1lY2FhLTExZTYtOGY4OC0zNDM2M2JjN2M0YzAiOnsiY3JlYXRlIjoxODAwMDAwMDAwMDAwLCJkZWxldGUiOjE4MDAwMDAwMDAwMDAsInJlYWQiOjMwMDAwMDAwMDAwMCwidXBkYXRlIjoxODAwMDAwMDAwMDAwfX0=",
          "dependencies": [
            "azurerm_network_security_group.AzureTerraformProjectSG",
            "azurerm_resource_group.AzureTerraformProjectRG"
          ]
        }
      ]
    },
    {
      "mode": "managed",
      "type": "azurerm_public_ip",
      "name": "AzureTerraformProjectPubIP",
      "provider": "provider[\"registry.terraform.io/hashicorp/azurerm\"]",
      "instances": [
        {
          "schema_version": 0,
          "attributes": {
            "allocation_method": "Dynamic",
            "ddos_protection_mode": "VirtualNetworkInherited",
            "ddos_protection_plan_id": null,
            "domain_name_label": null,
            "edge_zone": "",
            "fqdn": null,
            "id": "/subscriptions/61bf68b5-d547-4ff7-b283-f953894e41f3/resourceGroups/AzureTerraformProject-ResourceGroup/providers/Microsoft.Network/publicIPAddresses/AzureTerraformProject-PublicIP",
            "idle_timeout_in_minutes": 4,
            "ip_address": "",
            "ip_tags": null,
            "ip_version": "IPv4",
            "location": "eastus",
            "name": "AzureTerraformProject-PublicIP",
            "public_ip_prefix_id": null,
            "resource_group_name": "AzureTerraformProject-ResourceGroup",
            "reverse_fqdn": null,
            "sku": "Basic",
            "sku_tier": "Regional",
            "tags": {
              "environment": "Azure \u0026 Terraform"
            },
            "timeouts": null,
            "zones": null
          },
          "sensitive_attributes": [],
          "private": "eyJlMmJmYjczMC1lY2FhLTExZTYtOGY4OC0zNDM2M2JjN2M0YzAiOnsiY3JlYXRlIjoxODAwMDAwMDAwMDAwLCJkZWxldGUiOjE4MDAwMDAwMDAwMDAsInJlYWQiOjMwMDAwMDAwMDAwMCwidXBkYXRlIjoxODAwMDAwMDAwMDAwfX0=",
          "dependencies": [
            "azurerm_resource_group.AzureTerraformProjectRG"
          ]
        }
      ]
    },
    {
      "mode": "managed",
      "type": "azurerm_resource_group",
      "name": "AzureTerraformProjectRG",
      "provider": "provider[\"registry.terraform.io/hashicorp/azurerm\"]",
      "instances": [
        {
          "schema_version": 0,
          "attributes": {
            "id": "/subscriptions/61bf68b5-d547-4ff7-b283-f953894e41f3/resourceGroups/AzureTerraformProject-ResourceGroup",
            "location": "eastus",
            "managed_by": "",
            "name": "AzureTerraformProject-ResourceGroup",
            "tags": {
              "environment": "Azure \u0026 Terraform"
            },
            "timeouts": null
          },
          "sensitive_attributes": [],
          "private": "eyJlMmJmYjczMC1lY2FhLTExZTYtOGY4OC0zNDM2M2JjN2M0YzAiOnsiY3JlYXRlIjo1NDAwMDAwMDAwMDAwLCJkZWxldGUiOjU0MDAwMDAwMDAwMDAsInJlYWQiOjMwMDAwMDAwMDAwMCwidXBkYXRlIjo1NDAwMDAwMDAwMDAwfX0="
        }
      ]
    },
    {
      "mode": "managed",
      "type": "azurerm_subnet",
      "name": "AzureTerraformProjectSubnet",
      "provider": "provider[\"registry.terraform.io/hashicorp/azurerm\"]",
      "instances": [
        {
          "schema_version": 0,
          "attributes": {
            "address_prefixes": [
              "10.1.0.0/24"
            ],
            "delegation": [],
            "enforce_private_link_endpoint_network_policies": false,
            "enforce_private_link_service_network_policies": false,
            "id": "/subscriptions/61bf68b5-d547-4ff7-b283-f953894e41f3/resourceGroups/AzureTerraformProject-ResourceGroup/providers/Microsoft.Network/virtualNetworks/AzureTerraformProject-VirtualNetwork/subnets/AzureTerraformProject-Subnet",
            "name": "AzureTerraformProject-Subnet",
            "private_endpoint_network_policies_enabled": true,
            "private_link_service_network_policies_enabled": true,
            "resource_group_name": "AzureTerraformProject-ResourceGroup",
            "service_endpoint_policy_ids": null,
            "service_endpoints": null,
            "timeouts": null,
            "virtual_network_name": "AzureTerraformProject-VirtualNetwork"
          },
          "sensitive_attributes": [],
          "private": "eyJlMmJmYjczMC1lY2FhLTExZTYtOGY4OC0zNDM2M2JjN2M0YzAiOnsiY3JlYXRlIjoxODAwMDAwMDAwMDAwLCJkZWxldGUiOjE4MDAwMDAwMDAwMDAsInJlYWQiOjMwMDAwMDAwMDAwMCwidXBkYXRlIjoxODAwMDAwMDAwMDAwfX0=",
          "dependencies": [
            "azurerm_resource_group.AzureTerraformProjectRG",
            "azurerm_virtual_network.AzureTerraformProjectVNet"
          ]
        }
      ]
    },
    {
      "mode": "managed",
      "type": "azurerm_subnet_network_security_group_association",
      "name": "AzureTerraformProjectSGAssociation",
      "provider": "provider[\"registry.terraform.io/hashicorp/azurerm\"]",
      "instances": [
        {
          "schema_version": 0,
          "attributes": {
            "id": "/subscriptions/61bf68b5-d547-4ff7-b283-f953894e41f3/resourceGroups/AzureTerraformProject-ResourceGroup/providers/Microsoft.Network/virtualNetworks/AzureTerraformProject-VirtualNetwork/subnets/AzureTerraformProject-Subnet",
            "network_security_group_id": "/subscriptions/61bf68b5-d547-4ff7-b283-f953894e41f3/resourceGroups/AzureTerraformProject-ResourceGroup/providers/Microsoft.Network/networkSecurityGroups/AzureTerraformProject-SecurityGroup",
            "subnet_id": "/subscriptions/61bf68b5-d547-4ff7-b283-f953894e41f3/resourceGroups/AzureTerraformProject-ResourceGroup/providers/Microsoft.Network/virtualNetworks/AzureTerraformProject-VirtualNetwork/subnets/AzureTerraformProject-Subnet",
            "timeouts": null
          },
          "sensitive_attributes": [],
          "private": "eyJlMmJmYjczMC1lY2FhLTExZTYtOGY4OC0zNDM2M2JjN2M0YzAiOnsiY3JlYXRlIjoxODAwMDAwMDAwMDAwLCJkZWxldGUiOjE4MDAwMDAwMDAwMDAsInJlYWQiOjMwMDAwMDAwMDAwMH19",
          "dependencies": [
            "azurerm_network_security_group.AzureTerraformProjectSG",
            "azurerm_resource_group.AzureTerraformProjectRG",
            "azurerm_subnet.AzureTerraformProjectSubnet",
            "azurerm_virtual_network.AzureTerraformProjectVNet"
          ]
        }
      ]
    },
    {
      "mode": "managed",
      "type": "azurerm_virtual_network",
      "name": "AzureTerraformProjectVNet",
      "provider": "provider[\"registry.terraform.io/hashicorp/azurerm\"]",
      "instances": [
        {
          "schema_version": 0,
          "attributes": {
            "address_space": [
              "10.1.0.0/16"
            ],
            "bgp_community": "",
            "ddos_protection_plan": [],
            "dns_servers": [],
            "edge_zone": "",
            "encryption": [],
            "flow_timeout_in_minutes": 0,
            "guid": "fe3c47cb-df7b-45ed-b31d-13ac4eeb531a",
            "id": "/subscriptions/61bf68b5-d547-4ff7-b283-f953894e41f3/resourceGroups/AzureTerraformProject-ResourceGroup/providers/Microsoft.Network/virtualNetworks/AzureTerraformProject-VirtualNetwork",
            "location": "eastus",
            "name": "AzureTerraformProject-VirtualNetwork",
            "resource_group_name": "AzureTerraformProject-ResourceGroup",
            "subnet": [],
            "tags": {
              "environment": "Azure \u0026 Terraform"
            },
            "timeouts": null
          },
          "sensitive_attributes": [],
          "private": "eyJlMmJmYjczMC1lY2FhLTExZTYtOGY4OC0zNDM2M2JjN2M0YzAiOnsiY3JlYXRlIjoxODAwMDAwMDAwMDAwLCJkZWxldGUiOjE4MDAwMDAwMDAwMDAsInJlYWQiOjMwMDAwMDAwMDAwMCwidXBkYXRlIjoxODAwMDAwMDAwMDAwfX0=",
          "dependencies": [
            "azurerm_resource_group.AzureTerraformProjectRG"
          ]
        }
      ]
    }
  ],
  "check_results": null
}
